lockfileVersion: 5.4

specifiers:
  chalk: ^5.1.2
  commander: ^9.4.1

dependencies:
  chalk: registry.npmmirror.com/chalk/5.1.2
  commander: registry.npmmirror.com/commander/9.4.1

packages:

  registry.npmmirror.com/chalk/5.1.2:
    resolution: {integrity: sha512-E5CkT4jWURs1Vy5qGJye+XwCkNj7Od3Af7CP6SujMetSMkLs8Do2RWJK5yx1wamHV/op8Rz+9rltjaTQWDnEFQ==, registry: https://registry.npm.taobao.org/, tarball: https://registry.npmmirror.com/chalk/-/chalk-5.1.2.tgz}
    name: chalk
    version: 5.1.2
    engines: {node: ^12.17.0 || ^14.13 || >=16.0.0}
    dev: false

  registry.npmmirror.com/commander/9.4.1:
    resolution: {integrity: sha512-5EEkTNyHNGFPD2H+c/dXXfQZYa/scCKasxWcXJaWnNJ99pnQN9Vnmqow+p+PlFPE63Q6mThaZws1T+HxfpgtPw==, registry: https://registry.npm.taobao.org/, tarball: https://registry.npmmirror.com/commander/-/commander-9.4.1.tgz}
    name: commander
    version: 9.4.1
    engines: {node: ^12.20.0 || >=14}
    dev: false
